
Microsoft Visual Studio Solution File, Format Version 12.00
Project("{FAE04EC0-301F-11D3-BF4B-00C04F79EFBC}") = "WebAPI", "WebAPI\WebAPI.csproj", "{B39EAC6F-353E-470B-B6DE-FC37C5342FFE}"
EndProject
Global
	GlobalSection(SolutionConfigurationPlatforms) = preSolution
		Debug|Any CPU = Debug|Any CPU
		Release|Any CPU = Release|Any CPU
	EndGlobalSection
	GlobalSection(ProjectConfigurationPlatforms) = postSolution
		{B39EAC6F-353E-470B-B6DE-FC37C5342FFE}.Debug|Any CPU.ActiveCfg = Debug|Any CPU
		{B39EAC6F-353E-470B-B6DE-FC37C5342FFE}.Debug|Any CPU.Build.0 = Debug|Any CPU
		{B39EAC6F-353E-470B-B6DE-FC37C5342FFE}.Release|Any CPU.ActiveCfg = Release|Any CPU
		{B39EAC6F-353E-470B-B6DE-FC37C5342FFE}.Release|Any CPU.Build.0 = Release|Any CPU
	EndGlobalSection
EndGlobal
